
Microsoft Visual Studio Solution File, Format Version 12.00
# Visual Studio Version 17
VisualStudioVersion = 17.4.33213.308
MinimumVisualStudioVersion = 10.0.40219.1
Project("{FAE04EC0-301F-11D3-BF4B-00C04F79EFBC}") = "FoodStore", "FoodStore.csproj", "{7A93E09B-E607-40ED-83A8-C1C14A2E4ADA}"
EndProject
Global
	GlobalSection(SolutionConfigurationPlatforms) = preSolution
		Debug|Any CPU = Debug|Any CPU
		Release|Any CPU = Release|Any CPU
	EndGlobalSection
	GlobalSection(ProjectConfigurationPlatforms) = postSolution
		{7A93E09B-E607-40ED-83A8-C1C14A2E4ADA}.Debug|Any CPU.ActiveCfg = Debug|Any CPU
		{7A93E09B-E607-40ED-83A8-C1C14A2E4ADA}.Debug|Any CPU.Build.0 = Debug|Any CPU
		{7A93E09B-E607-40ED-83A8-C1C14A2E4ADA}.Release|Any CPU.ActiveCfg = Release|Any CPU
		{7A93E09B-E607-40ED-83A8-C1C14A2E4ADA}.Release|Any CPU.Build.0 = Release|Any CPU
	EndGlobalSection
	GlobalSection(SolutionProperties) = preSolution
		HideSolutionNode = FALSE
	EndGlobalSection
	GlobalSection(ExtensibilityGlobals) = postSolution
		SolutionGuid = {0489223C-5DD1-4B53-A966-C434581656E4}
	EndGlobalSection
EndGlobal
